// !$*UTF8*$!
{
	archiveVersion = 1;
	classes = {
	};
	objectVersion = 56;
	objects = {

/* Begin PBXBuildFile section */
		39BB396A2CA459E500E30F5B /* WeatherAppApp.swift in Sources */ = {isa = PBXBuildFile; fileRef = 39BB39692CA459E500E30F5B /* WeatherAppApp.swift */; };
		39BB396C2CA459E500E30F5B /* ContentView.swift in Sources */ = {isa = PBXBuildFile; fileRef = 39BB396B2CA459E500E30F5B /* ContentView.swift */; };
		39BB396E2CA459E800E30F5B /* Assets.xcassets in Resources */ = {isa = PBXBuildFile; fileRef = 39BB396D2CA459E800E30F5B /* Assets.xcassets */; };
		39BB39712CA459E800E30F5B /* Preview Assets.xcassets in Resources */ = {isa = PBXBuildFile; fileRef = 39BB39702CA459E800E30F5B /* Preview Assets.xcassets */; };
		39BB397A2CA45E9700E30F5B /* Color.swift in Sources */ = {isa = PBXBuildFile; fileRef = 39BB39792CA45E9700E30F5B /* Color.swift */; };
		39BB397D2CA4608E00E30F5B /* setBackgroundStyle.swift in Sources */ = {isa = PBXBuildFile; fileRef = 39BB397C2CA4608E00E30F5B /* setBackgroundStyle.swift */; };
		39BB397F2CA462C900E30F5B /* Images.swift in Sources */ = {isa = PBXBuildFile; fileRef = 39BB397E2CA462C900E30F5B /* Images.swift */; };
		39BB39822CA464D000E30F5B /* weatherSearchBar.swift in Sources */ = {isa = PBXBuildFile; fileRef = 39BB39812CA464D000E30F5B /* weatherSearchBar.swift */; };
		39BB39842CA4665700E30F5B /* day2WeatherView.swift in Sources */ = {isa = PBXBuildFile; fileRef = 39BB39832CA4665700E30F5B /* day2WeatherView.swift */; };
		39BB39862CA4685800E30F5B /* setTextTitleStyle.swift in Sources */ = {isa = PBXBuildFile; fileRef = 39BB39852CA4685800E30F5B /* setTextTitleStyle.swift */; };
		39BB39882CA46B1400E30F5B /* day5WeatherView.swift in Sources */ = {isa = PBXBuildFile; fileRef = 39BB39872CA46B1400E30F5B /* day5WeatherView.swift */; };
		39BB398A2CA46BBF00E30F5B /* setTextBigStyle.swift in Sources */ = {isa = PBXBuildFile; fileRef = 39BB39892CA46BBF00E30F5B /* setTextBigStyle.swift */; };
		39BB398C2CA46F9D00E30F5B /* Fonts.swift in Sources */ = {isa = PBXBuildFile; fileRef = 39BB398B2CA46F9D00E30F5B /* Fonts.swift */; };
		39BB398E2CA476A000E30F5B /* weatherEtcView.swift in Sources */ = {isa = PBXBuildFile; fileRef = 39BB398D2CA476A000E30F5B /* weatherEtcView.swift */; };
		39BB39902CA47E1A00E30F5B /* weatherInfoView.swift in Sources */ = {isa = PBXBuildFile; fileRef = 39BB398F2CA47E1A00E30F5B /* weatherInfoView.swift */; };
		39BB39922CA5929A00E30F5B /* WeatherView.swift in Sources */ = {isa = PBXBuildFile; fileRef = 39BB39912CA5929A00E30F5B /* WeatherView.swift */; };
		39BB39962CA5C1FB00E30F5B /* weatherMapView.swift in Sources */ = {isa = PBXBuildFile; fileRef = 39BB39952CA5C1FA00E30F5B /* weatherMapView.swift */; };
		39BB39992CA6EAC600E30F5B /* Padding.swift in Sources */ = {isa = PBXBuildFile; fileRef = 39BB39982CA6EAC600E30F5B /* Padding.swift */; };
/* End PBXBuildFile section */

/* Begin PBXFileReference section */
		39BB39662CA459E500E30F5B /* WeatherApp.app */ = {isa = PBXFileReference; explicitFileType = wrapper.application; includeInIndex = 0; path = WeatherApp.app; sourceTree = BUILT_PRODUCTS_DIR; };
		39BB39692CA459E500E30F5B /* WeatherAppApp.swift */ = {isa = PBXFileReference; lastKnownFileType = sourcecode.swift; path = WeatherAppApp.swift; sourceTree = "<group>"; };
		39BB396B2CA459E500E30F5B /* ContentView.swift */ = {isa = PBXFileReference; lastKnownFileType = sourcecode.swift; path = ContentView.swift; sourceTree = "<group>"; };
		39BB396D2CA459E800E30F5B /* Assets.xcassets */ = {isa = PBXFileReference; lastKnownFileType = folder.assetcatalog; path = Assets.xcassets; sourceTree = "<group>"; };
		39BB39702CA459E800E30F5B /* Preview Assets.xcassets */ = {isa = PBXFileReference; lastKnownFileType = folder.assetcatalog; path = "Preview Assets.xcassets"; sourceTree = "<group>"; };
		39BB39792CA45E9700E30F5B /* Color.swift */ = {isa = PBXFileReference; lastKnownFileType = sourcecode.swift; path = Color.swift; sourceTree = "<group>"; };
		39BB397C2CA4608E00E30F5B /* setBackgroundStyle.swift */ = {isa = PBXFileReference; lastKnownFileType = sourcecode.swift; path = setBackgroundStyle.swift; sourceTree = "<group>"; };
		39BB397E2CA462C900E30F5B /* Images.swift */ = {isa = PBXFileReference; lastKnownFileType = sourcecode.swift; path = Images.swift; sourceTree = "<group>"; };
		39BB39812CA464D000E30F5B /* weatherSearchBar.swift */ = {isa = PBXFileReference; lastKnownFileType = sourcecode.swift; path = weatherSearchBar.swift; sourceTree = "<group>"; };
		39BB39832CA4665700E30F5B /* day2WeatherView.swift */ = {isa = PBXFileReference; lastKnownFileType = sourcecode.swift; path = day2WeatherView.swift; sourceTree = "<group>"; };
		39BB39852CA4685800E30F5B /* setTextTitleStyle.swift */ = {isa = PBXFileReference; lastKnownFileType = sourcecode.swift; path = setTextTitleStyle.swift; sourceTree = "<group>"; };
		39BB39872CA46B1400E30F5B /* day5WeatherView.swift */ = {isa = PBXFileReference; lastKnownFileType = sourcecode.swift; path = day5WeatherView.swift; sourceTree = "<group>"; };
		39BB39892CA46BBF00E30F5B /* setTextBigStyle.swift */ = {isa = PBXFileReference; lastKnownFileType = sourcecode.swift; path = setTextBigStyle.swift; sourceTree = "<group>"; };
		39BB398B2CA46F9D00E30F5B /* Fonts.swift */ = {isa = PBXFileReference; lastKnownFileType = sourcecode.swift; path = Fonts.swift; sourceTree = "<group>"; };
		39BB398D2CA476A000E30F5B /* weatherEtcView.swift */ = {isa = PBXFileReference; lastKnownFileType = sourcecode.swift; path = weatherEtcView.swift; sourceTree = "<group>"; };
		39BB398F2CA47E1A00E30F5B /* weatherInfoView.swift */ = {isa = PBXFileReference; lastKnownFileType = sourcecode.swift; path = weatherInfoView.swift; sourceTree = "<group>"; };
		39BB39912CA5929A00E30F5B /* WeatherView.swift */ = {isa = PBXFileReference; lastKnownFileType = sourcecode.swift; path = WeatherView.swift; sourceTree = "<group>"; };
		39BB39952CA5C1FA00E30F5B /* weatherMapView.swift */ = {isa = PBXFileReference; lastKnownFileType = sourcecode.swift; path = weatherMapView.swift; sourceTree = "<group>"; };
		39BB39982CA6EAC600E30F5B /* Padding.swift */ = {isa = PBXFileReference; lastKnownFileType = sourcecode.swift; path = Padding.swift; sourceTree = "<group>"; };
/* End PBXFileReference section */

/* Begin PBXFrameworksBuildPhase section */
		39BB39632CA459E500E30F5B /* Frameworks */ = {
			isa = PBXFrameworksBuildPhase;
			buildActionMask = 2147483647;
			files = (
			);
			runOnlyForDeploymentPostprocessing = 0;
		};
/* End PBXFrameworksBuildPhase section */

/* Begin PBXGroup section */
		39BB395D2CA459E500E30F5B = {
			isa = PBXGroup;
			children = (
				39BB39682CA459E500E30F5B /* WeatherApp */,
				39BB39672CA459E500E30F5B /* Products */,
			);
			sourceTree = "<group>";
		};
		39BB39672CA459E500E30F5B /* Products */ = {
			isa = PBXGroup;
			children = (
				39BB39662CA459E500E30F5B /* WeatherApp.app */,
			);
			name = Products;
			sourceTree = "<group>";
		};
		39BB39682CA459E500E30F5B /* WeatherApp */ = {
			isa = PBXGroup;
			children = (
				39BB39782CA45E0A00E30F5B /* Style */,
				39BB397B2CA4605D00E30F5B /* CustomModifier */,
				39BB39772CA45C0000E30F5B /* Present */,
				39BB39692CA459E500E30F5B /* WeatherAppApp.swift */,
				39BB396B2CA459E500E30F5B /* ContentView.swift */,
				39BB396D2CA459E800E30F5B /* Assets.xcassets */,
				39BB396F2CA459E800E30F5B /* Preview Content */,
			);
			path = WeatherApp;
			sourceTree = "<group>";
		};
		39BB396F2CA459E800E30F5B /* Preview Content */ = {
			isa = PBXGroup;
			children = (
				39BB39702CA459E800E30F5B /* Preview Assets.xcassets */,
			);
			path = "Preview Content";
			sourceTree = "<group>";
		};
		39BB39772CA45C0000E30F5B /* Present */ = {
			isa = PBXGroup;
			children = (
				39BB39802CA464AD00E30F5B /* CustomView */,
				39BB39912CA5929A00E30F5B /* WeatherView.swift */,
			);
			path = Present;
			sourceTree = "<group>";
		};
		39BB39782CA45E0A00E30F5B /* Style */ = {
			isa = PBXGroup;
			children = (
				39BB39972CA5C9DE00E30F5B /* Extension */,
				39BB397E2CA462C900E30F5B /* Images.swift */,
				39BB398B2CA46F9D00E30F5B /* Fonts.swift */,
				39BB39982CA6EAC600E30F5B /* Padding.swift */,
			);
			path = Style;
			sourceTree = "<group>";
		};
		39BB397B2CA4605D00E30F5B /* CustomModifier */ = {
			isa = PBXGroup;
			children = (
				39BB397C2CA4608E00E30F5B /* setBackgroundStyle.swift */,
				39BB39852CA4685800E30F5B /* setTextTitleStyle.swift */,
				39BB39892CA46BBF00E30F5B /* setTextBigStyle.swift */,
			);
			path = CustomModifier;
			sourceTree = "<group>";
		};
		39BB39802CA464AD00E30F5B /* CustomView */ = {
			isa = PBXGroup;
			children = (
				39BB39812CA464D000E30F5B /* weatherSearchBar.swift */,
				39BB39832CA4665700E30F5B /* day2WeatherView.swift */,
				39BB39872CA46B1400E30F5B /* day5WeatherView.swift */,
				39BB398D2CA476A000E30F5B /* weatherEtcView.swift */,
				39BB398F2CA47E1A00E30F5B /* weatherInfoView.swift */,
				39BB39952CA5C1FA00E30F5B /* weatherMapView.swift */,
			);
			path = CustomView;
			sourceTree = "<group>";
		};
		39BB39972CA5C9DE00E30F5B /* Extension */ = {
			isa = PBXGroup;
			children = (
				39BB39792CA45E9700E30F5B /* Color.swift */,
			);
			path = Extension;
			sourceTree = "<group>";
		};
/* End PBXGroup section */

/* Begin PBXNativeTarget section */
		39BB39652CA459E500E30F5B /* WeatherApp */ = {
			isa = PBXNativeTarget;
			buildConfigurationList = 39BB39742CA459E800E30F5B /* Build configuration list for PBXNativeTarget "WeatherApp" */;
			buildPhases = (
				39BB39622CA459E500E30F5B /* Sources */,
				39BB39632CA459E500E30F5B /* Frameworks */,
				39BB39642CA459E500E30F5B /* Resources */,
			);
			buildRules = (
			);
			dependencies = (
			);
			name = WeatherApp;
			productName = WeatherApp;
			productReference = 39BB39662CA459E500E30F5B /* WeatherApp.app */;
			productType = "com.apple.product-type.application";
		};
/* End PBXNativeTarget section */

/* Begin PBXProject section */
		39BB395E2CA459E500E30F5B /* Project object */ = {
			isa = PBXProject;
			attributes = {
				BuildIndependentTargetsInParallel = 1;
				LastSwiftUpdateCheck = 1540;
				LastUpgradeCheck = 1540;
				TargetAttributes = {
					39BB39652CA459E500E30F5B = {
						CreatedOnToolsVersion = 15.4;
					};
				};
			};
			buildConfigurationList = 39BB39612CA459E500E30F5B /* Build configuration list for PBXProject "WeatherApp" */;
			compatibilityVersion = "Xcode 14.0";
			developmentRegion = en;
			hasScannedForEncodings = 0;
			knownRegions = (
				en,
				Base,
			);
			mainGroup = 39BB395D2CA459E500E30F5B;
			productRefGroup = 39BB39672CA459E500E30F5B /* Products */;
			projectDirPath = "";
			projectRoot = "";
			targets = (
				39BB39652CA459E500E30F5B /* WeatherApp */,
			);
		};
/* End PBXProject section */

/* Begin PBXResourcesBuildPhase section */
		39BB39642CA459E500E30F5B /* Resources */ = {
			isa = PBXResourcesBuildPhase;
			buildActionMask = 2147483647;
			files = (
				39BB39712CA459E800E30F5B /* Preview Assets.xcassets in Resources */,
				39BB396E2CA459E800E30F5B /* Assets.xcassets in Resources */,
			);
			runOnlyForDeploymentPostprocessing = 0;
		};
/* End PBXResourcesBuildPhase section */

/* Begin PBXSourcesBuildPhase section */
		39BB39622CA459E500E30F5B /* Sources */ = {
			isa = PBXSourcesBuildPhase;
			buildActionMask = 2147483647;
			files = (
				39BB397D2CA4608E00E30F5B /* setBackgroundStyle.swift in Sources */,
				39BB396C2CA459E500E30F5B /* ContentView.swift in Sources */,
				39BB396A2CA459E500E30F5B /* WeatherAppApp.swift in Sources */,
				39BB39962CA5C1FB00E30F5B /* weatherMapView.swift in Sources */,
				39BB398C2CA46F9D00E30F5B /* Fonts.swift in Sources */,
				39BB39902CA47E1A00E30F5B /* weatherInfoView.swift in Sources */,
				39BB39922CA5929A00E30F5B /* WeatherView.swift in Sources */,
				39BB39882CA46B1400E30F5B /* day5WeatherView.swift in Sources */,
				39BB39842CA4665700E30F5B /* day2WeatherView.swift in Sources */,
				39BB397A2CA45E9700E30F5B /* Color.swift in Sources */,
				39BB398A2CA46BBF00E30F5B /* setTextBigStyle.swift in Sources */,
				39BB39822CA464D000E30F5B /* weatherSearchBar.swift in Sources */,
				39BB39862CA4685800E30F5B /* setTextTitleStyle.swift in Sources */,
				39BB398E2CA476A000E30F5B /* weatherEtcView.swift in Sources */,
				39BB397F2CA462C900E30F5B /* Images.swift in Sources */,
				39BB39992CA6EAC600E30F5B /* Padding.swift in Sources */,
			);
			runOnlyForDeploymentPostprocessing = 0;
		};
/* End PBXSourcesBuildPhase section */

/* Begin XCBuildConfiguration section */
		39BB39722CA459E800E30F5B /* Debug */ = {
			isa = XCBuildConfiguration;
			buildSettings = {
				ALWAYS_SEARCH_USER_PATHS = NO;
				ASSETCATALOG_COMPILER_GENERATE_SWIFT_ASSET_SYMBOL_EXTENSIONS = YES;
				CLANG_ANALYZER_NONNULL = YES;
				CLANG_ANALYZER_NUMBER_OBJECT_CONVERSION = YES_AGGRESSIVE;
				CLANG_CXX_LANGUAGE_STANDARD = "gnu++20";
				CLANG_ENABLE_MODULES = YES;
				CLANG_ENABLE_OBJC_ARC = YES;
				CLANG_ENABLE_OBJC_WEAK = YES;
				CLANG_WARN_BLOCK_CAPTURE_AUTORELEASING = YES;
				CLANG_WARN_BOOL_CONVERSION = YES;
				CLANG_WARN_COMMA = YES;
				CLANG_WARN_CONSTANT_CONVERSION = YES;
				CLANG_WARN_DEPRECATED_OBJC_IMPLEMENTATIONS = YES;
				CLANG_WARN_DIRECT_OBJC_ISA_USAGE = YES_ERROR;
				CLANG_WARN_DOCUMENTATION_COMMENTS = YES;
				CLANG_WARN_EMPTY_BODY = YES;
				CLANG_WARN_ENUM_CONVERSION = YES;
				CLANG_WARN_INFINITE_RECURSION = YES;
				CLANG_WARN_INT_CONVERSION = YES;
				CLANG_WARN_NON_LITERAL_NULL_CONVERSION = YES;
				CLANG_WARN_OBJC_IMPLICIT_RETAIN_SELF = YES;
				CLANG_WARN_OBJC_LITERAL_CONVERSION = YES;
				CLANG_WARN_OBJC_ROOT_CLASS = YES_ERROR;
				CLANG_WARN_QUOTED_INCLUDE_IN_FRAMEWORK_HEADER = YES;
				CLANG_WARN_RANGE_LOOP_ANALYSIS = YES;
				CLANG_WARN_STRICT_PROTOTYPES = YES;
				CLANG_WARN_SUSPICIOUS_MOVE = YES;
				CLANG_WARN_UNGUARDED_AVAILABILITY = YES_AGGRESSIVE;
				CLANG_WARN_UNREACHABLE_CODE = YES;
				CLANG_WARN__DUPLICATE_METHOD_MATCH = YES;
				COPY_PHASE_STRIP = NO;
				DEBUG_INFORMATION_FORMAT = dwarf;
				ENABLE_STRICT_OBJC_MSGSEND = YES;
				ENABLE_TESTABILITY = YES;
				ENABLE_USER_SCRIPT_SANDBOXING = YES;
				GCC_C_LANGUAGE_STANDARD = gnu17;
				GCC_DYNAMIC_NO_PIC = NO;
				GCC_NO_COMMON_BLOCKS = YES;
				GCC_OPTIMIZATION_LEVEL = 0;
				GCC_PREPROCESSOR_DEFINITIONS = (
					"DEBUG=1",
					"$(inherited)",
				);
				GCC_WARN_64_TO_32_BIT_CONVERSION = YES;
				GCC_WARN_ABOUT_RETURN_TYPE = YES_ERROR;
				GCC_WARN_UNDECLARED_SELECTOR = YES;
				GCC_WARN_UNINITIALIZED_AUTOS = YES_AGGRESSIVE;
				GCC_WARN_UNUSED_FUNCTION = YES;
				GCC_WARN_UNUSED_VARIABLE = YES;
				IPHONEOS_DEPLOYMENT_TARGET = 16.0;
				LOCALIZATION_PREFERS_STRING_CATALOGS = YES;
				MTL_ENABLE_DEBUG_INFO = INCLUDE_SOURCE;
				MTL_FAST_MATH = YES;
				ONLY_ACTIVE_ARCH = YES;
				SDKROOT = iphoneos;
				SWIFT_ACTIVE_COMPILATION_CONDITIONS = "DEBUG $(inherited)";
				SWIFT_OPTIMIZATION_LEVEL = "-Onone";
			};
			name = Debug;
		};
		39BB39732CA459E800E30F5B /* Release */ = {
			isa = XCBuildConfiguration;
			buildSettings = {
				ALWAYS_SEARCH_USER_PATHS = NO;
				ASSETCATALOG_COMPILER_GENERATE_SWIFT_ASSET_SYMBOL_EXTENSIONS = YES;
				CLANG_ANALYZER_NONNULL = YES;
				CLANG_ANALYZER_NUMBER_OBJECT_CONVERSION = YES_AGGRESSIVE;
				CLANG_CXX_LANGUAGE_STANDARD = "gnu++20";
				CLANG_ENABLE_MODULES = YES;
				CLANG_ENABLE_OBJC_ARC = YES;
				CLANG_ENABLE_OBJC_WEAK = YES;
				CLANG_WARN_BLOCK_CAPTURE_AUTORELEASING = YES;
				CLANG_WARN_BOOL_CONVERSION = YES;
				CLANG_WARN_COMMA = YES;
				CLANG_WARN_CONSTANT_CONVERSION = YES;
				CLANG_WARN_DEPRECATED_OBJC_IMPLEMENTATIONS = YES;
				CLANG_WARN_DIRECT_OBJC_ISA_USAGE = YES_ERROR;
				CLANG_WARN_DOCUMENTATION_COMMENTS = YES;
				CLANG_WARN_EMPTY_BODY = YES;
				CLANG_WARN_ENUM_CONVERSION = YES;
				CLANG_WARN_INFINITE_RECURSION = YES;
				CLANG_WARN_INT_CONVERSION = YES;
				CLANG_WARN_NON_LITERAL_NULL_CONVERSION = YES;
				CLANG_WARN_OBJC_IMPLICIT_RETAIN_SELF = YES;
				CLANG_WARN_OBJC_LITERAL_CONVERSION = YES;
				CLANG_WARN_OBJC_ROOT_CLASS = YES_ERROR;
				CLANG_WARN_QUOTED_INCLUDE_IN_FRAMEWORK_HEADER = YES;
				CLANG_WARN_RANGE_LOOP_ANALYSIS = YES;
				CLANG_WARN_STRICT_PROTOTYPES = YES;
				CLANG_WARN_SUSPICIOUS_MOVE = YES;
				CLANG_WARN_UNGUARDED_AVAILABILITY = YES_AGGRESSIVE;
				CLANG_WARN_UNREACHABLE_CODE = YES;
				CLANG_WARN__DUPLICATE_METHOD_MATCH = YES;
				COPY_PHASE_STRIP = NO;
				DEBUG_INFORMATION_FORMAT = "dwarf-with-dsym";
				ENABLE_NS_ASSERTIONS = NO;
				ENABLE_STRICT_OBJC_MSGSEND = YES;
				ENABLE_USER_SCRIPT_SANDBOXING = YES;
				GCC_C_LANGUAGE_STANDARD = gnu17;
				GCC_NO_COMMON_BLOCKS = YES;
				GCC_WARN_64_TO_32_BIT_CONVERSION = YES;
				GCC_WARN_ABOUT_RETURN_TYPE = YES_ERROR;
				GCC_WARN_UNDECLARED_SELECTOR = YES;
				GCC_WARN_UNINITIALIZED_AUTOS = YES_AGGRESSIVE;
				GCC_WARN_UNUSED_FUNCTION = YES;
				GCC_WARN_UNUSED_VARIABLE = YES;
				IPHONEOS_DEPLOYMENT_TARGET = 16.0;
				LOCALIZATION_PREFERS_STRING_CATALOGS = YES;
				MTL_ENABLE_DEBUG_INFO = NO;
				MTL_FAST_MATH = YES;
				SDKROOT = iphoneos;
				SWIFT_COMPILATION_MODE = wholemodule;
				VALIDATE_PRODUCT = YES;
			};
			name = Release;
		};
		39BB39752CA459E800E30F5B /* Debug */ = {
			isa = XCBuildConfiguration;
			buildSettings = {
				ASSETCATALOG_COMPILER_APPICON_NAME = AppIcon;
				ASSETCATALOG_COMPILER_GLOBAL_ACCENT_COLOR_NAME = AccentColor;
				CODE_SIGN_STYLE = Automatic;
				CURRENT_PROJECT_VERSION = 1;
				DEVELOPMENT_ASSET_PATHS = "\"WeatherApp/Preview Content\"";
				ENABLE_PREVIEWS = YES;
				GENERATE_INFOPLIST_FILE = YES;
				INFOPLIST_KEY_UIApplicationSceneManifest_Generation = YES;
				INFOPLIST_KEY_UIApplicationSupportsIndirectInputEvents = YES;
				INFOPLIST_KEY_UILaunchScreen_Generation = YES;
				INFOPLIST_KEY_UISupportedInterfaceOrientations_iPad = "UIInterfaceOrientationPortrait UIInterfaceOrientationPortraitUpsideDown UIInterfaceOrientationLandscapeLeft UIInterfaceOrientationLandscapeRight";
				INFOPLIST_KEY_UISupportedInterfaceOrientations_iPhone = "UIInterfaceOrientationPortrait UIInterfaceOrientationLandscapeLeft UIInterfaceOrientationLandscapeRight";
				IPHONEOS_DEPLOYMENT_TARGET = 16.0;
				LD_RUNPATH_SEARCH_PATHS = (
					"$(inherited)",
					"@executable_path/Frameworks",
				);
				MARKETING_VERSION = 1.0;
				PRODUCT_BUNDLE_IDENTIFIER = com.mje0211.WeatherApp;
				PRODUCT_NAME = "$(TARGET_NAME)";
				SWIFT_EMIT_LOC_STRINGS = YES;
				SWIFT_VERSION = 5.0;
				TARGETED_DEVICE_FAMILY = "1,2";
			};
			name = Debug;
		};
		39BB39762CA459E800E30F5B /* Release */ = {
			isa = XCBuildConfiguration;
			buildSettings = {
				ASSETCATALOG_COMPILER_APPICON_NAME = AppIcon;
				ASSETCATALOG_COMPILER_GLOBAL_ACCENT_COLOR_NAME = AccentColor;
				CODE_SIGN_STYLE = Automatic;
				CURRENT_PROJECT_VERSION = 1;
				DEVELOPMENT_ASSET_PATHS = "\"WeatherApp/Preview Content\"";
				ENABLE_PREVIEWS = YES;
				GENERATE_INFOPLIST_FILE = YES;
				INFOPLIST_KEY_UIApplicationSceneManifest_Generation = YES;
				INFOPLIST_KEY_UIApplicationSupportsIndirectInputEvents = YES;
				INFOPLIST_KEY_UILaunchScreen_Generation = YES;
				INFOPLIST_KEY_UISupportedInterfaceOrientations_iPad = "UIInterfaceOrientationPortrait UIInterfaceOrientationPortraitUpsideDown UIInterfaceOrientationLandscapeLeft UIInterfaceOrientationLandscapeRight";
				INFOPLIST_KEY_UISupportedInterfaceOrientations_iPhone = "UIInterfaceOrientationPortrait UIInterfaceOrientationLandscapeLeft UIInterfaceOrientationLandscapeRight";
				IPHONEOS_DEPLOYMENT_TARGET = 16.0;
				LD_RUNPATH_SEARCH_PATHS = (
					"$(inherited)",
					"@executable_path/Frameworks",
				);
				MARKETING_VERSION = 1.0;
				PRODUCT_BUNDLE_IDENTIFIER = com.mje0211.WeatherApp;
				PRODUCT_NAME = "$(TARGET_NAME)";
				SWIFT_EMIT_LOC_STRINGS = YES;
				SWIFT_VERSION = 5.0;
				TARGETED_DEVICE_FAMILY = "1,2";
			};
			name = Release;
		};
/* End XCBuildConfiguration section */

/* Begin XCConfigurationList section */
		39BB39612CA459E500E30F5B /* Build configuration list for PBXProject "WeatherApp" */ = {
			isa = XCConfigurationList;
			buildConfigurations = (
				39BB39722CA459E800E30F5B /* Debug */,
				39BB39732CA459E800E30F5B /* Release */,
			);
			defaultConfigurationIsVisible = 0;
			defaultConfigurationName = Release;
		};
		39BB39742CA459E800E30F5B /* Build configuration list for PBXNativeTarget "WeatherApp" */ = {
			isa = XCConfigurationList;
			buildConfigurations = (
				39BB39752CA459E800E30F5B /* Debug */,
				39BB39762CA459E800E30F5B /* Release */,
			);
			defaultConfigurationIsVisible = 0;
			defaultConfigurationName = Release;
		};
/* End XCConfigurationList section */
	};
	rootObject = 39BB395E2CA459E500E30F5B /* Project object */;
}
